
Microsoft Visual Studio Solution File, Format Version 12.00
# Visual Studio Version 17
VisualStudioVersion = 17.4.33122.133
MinimumVisualStudioVersion = 10.0.40219.1
Project("{FAE04EC0-301F-11D3-BF4B-00C04F79EFBC}") = "WindowsApp", "WindowsApp\WindowsApp.csproj", "{93501210-A67E-4D0A-8878-F9FADE1DF72C}"
EndProject
Global
	GlobalSection(SolutionConfigurationPlatforms) = preSolution
		Debug|Any CPU = Debug|Any CPU
		Release|Any CPU = Release|Any CPU
	EndGlobalSection
	GlobalSection(ProjectConfigurationPlatforms) = postSolution
		{93501210-A67E-4D0A-8878-F9FADE1DF72C}.Debug|Any CPU.ActiveCfg = Debug|Any CPU
		{93501210-A67E-4D0A-8878-F9FADE1DF72C}.Debug|Any CPU.Build.0 = Debug|Any CPU
		{93501210-A67E-4D0A-8878-F9FADE1DF72C}.Release|Any CPU.ActiveCfg = Release|Any CPU
		{93501210-A67E-4D0A-8878-F9FADE1DF72C}.Release|Any CPU.Build.0 = Release|Any CPU
	EndGlobalSection
	GlobalSection(SolutionProperties) = preSolution
		HideSolutionNode = FALSE
	EndGlobalSection
	GlobalSection(ExtensibilityGlobals) = postSolution
		SolutionGuid = {740324DA-BE14-481C-95DF-0C64F587E0B5}
	EndGlobalSection
EndGlobal
